
Microsoft Visual Studio Solution File, Format Version 12.00
# Visual Studio Version 17
VisualStudioVersion = 17.10.34916.146
MinimumVisualStudioVersion = 10.0.40219.1
Project("{FAE04EC0-301F-11D3-BF4B-00C04F79EFBC}") = "SilikonBlazorApp", "SilikonBlazorApp\SilikonBlazorApp\SilikonBlazorApp.csproj", "{09D260EE-9525-42BF-9A58-D85EC796B8F7}"
EndProject
Project("{FAE04EC0-301F-11D3-BF4B-00C04F79EFBC}") = "SilikonBlazorApp.Client", "SilikonBlazorApp\SilikonBlazorApp.Client\SilikonBlazorApp.Client.csproj", "{8A78CDE8-6CDC-4138-B6D4-4C30DB3848D9}"
EndProject
Global
	GlobalSection(SolutionConfigurationPlatforms) = preSolution
		Debug|Any CPU = Debug|Any CPU
		Release|Any CPU = Release|Any CPU
	EndGlobalSection
	GlobalSection(ProjectConfigurationPlatforms) = postSolution
		{09D260EE-9525-42BF-9A58-D85EC796B8F7}.Debug|Any CPU.ActiveCfg = Debug|Any CPU
		{09D260EE-9525-42BF-9A58-D85EC796B8F7}.Debug|Any CPU.Build.0 = Debug|Any CPU
		{09D260EE-9525-42BF-9A58-D85EC796B8F7}.Release|Any CPU.ActiveCfg = Release|Any CPU
		{09D260EE-9525-42BF-9A58-D85EC796B8F7}.Release|Any CPU.Build.0 = Release|Any CPU
		{8A78CDE8-6CDC-4138-B6D4-4C30DB3848D9}.Debug|Any CPU.ActiveCfg = Debug|Any CPU
		{8A78CDE8-6CDC-4138-B6D4-4C30DB3848D9}.Debug|Any CPU.Build.0 = Debug|Any CPU
		{8A78CDE8-6CDC-4138-B6D4-4C30DB3848D9}.Release|Any CPU.ActiveCfg = Release|Any CPU
		{8A78CDE8-6CDC-4138-B6D4-4C30DB3848D9}.Release|Any CPU.Build.0 = Release|Any CPU
	EndGlobalSection
	GlobalSection(SolutionProperties) = preSolution
		HideSolutionNode = FALSE
	EndGlobalSection
	GlobalSection(ExtensibilityGlobals) = postSolution
		SolutionGuid = {7E78A2DD-0BA6-4E3C-A3F9-BF02352CB94C}
	EndGlobalSection
EndGlobal
